// !$*UTF8*$!
{
	archiveVersion = 1;
	classes = {
	};
	objectVersion = 55;
	objects = {

/* Begin PBXBuildFile section */
		C1084C4FAF44B9DCDE81FD6F /* Pods_motion_detect_collect_data_app.framework in Frameworks */ = {isa = PBXBuildFile; fileRef = EFEC0740418076039B307FB7 /* Pods_motion_detect_collect_data_app.framework */; };
		C25E1A962AAB0436008CEBFC /* HeadphoneMotionClassifier.swift in Sources */ = {isa = PBXBuildFile; fileRef = C25E1A952AAB0436008CEBFC /* HeadphoneMotionClassifier.swift */; };
		C25E1A9A2AAB07E2008CEBFC /* MotionClassifier Iteration 10.mlpackage in Sources */ = {isa = PBXBuildFile; fileRef = C25E1A992AAB07E2008CEBFC /* MotionClassifier Iteration 10.mlpackage */; };
		C25E1A9C2AAB0D02008CEBFC /* motionClassifier 2.mlmodel in Sources */ = {isa = PBXBuildFile; fileRef = C25E1A9B2AAB0D02008CEBFC /* motionClassifier 2.mlmodel */; };
		C25E1AA02AAB4D4B008CEBFC /* motionClassifier.mlmodel in Sources */ = {isa = PBXBuildFile; fileRef = C25E1A9F2AAB4D4B008CEBFC /* motionClassifier.mlmodel */; };
		C25E1AA22AAB6003008CEBFC /* ThisIsMLModelSandboxApp.swift in Sources */ = {isa = PBXBuildFile; fileRef = C25E1AA12AAB6003008CEBFC /* ThisIsMLModelSandboxApp.swift */; };
		C2E671A92AAAB40F00AAA7E9 /* AppDelegate.swift in Sources */ = {isa = PBXBuildFile; fileRef = C2E671A82AAAB40F00AAA7E9 /* AppDelegate.swift */; };
		C2E671AB2AAAB40F00AAA7E9 /* SceneDelegate.swift in Sources */ = {isa = PBXBuildFile; fileRef = C2E671AA2AAAB40F00AAA7E9 /* SceneDelegate.swift */; };
		C2E671AD2AAAB40F00AAA7E9 /* ViewController.swift in Sources */ = {isa = PBXBuildFile; fileRef = C2E671AC2AAAB40F00AAA7E9 /* ViewController.swift */; };
		C2E671B02AAAB40F00AAA7E9 /* Main.storyboard in Resources */ = {isa = PBXBuildFile; fileRef = C2E671AE2AAAB40F00AAA7E9 /* Main.storyboard */; };
		C2E671B22AAAB41100AAA7E9 /* Assets.xcassets in Resources */ = {isa = PBXBuildFile; fileRef = C2E671B12AAAB41100AAA7E9 /* Assets.xcassets */; };
		C2E671B52AAAB41100AAA7E9 /* LaunchScreen.storyboard in Resources */ = {isa = PBXBuildFile; fileRef = C2E671B32AAAB41100AAA7E9 /* LaunchScreen.storyboard */; };
		C2E671DE2AAAEB8B00AAA7E9 /* MotionWriter.swift in Sources */ = {isa = PBXBuildFile; fileRef = C2E671DD2AAAEB8B00AAA7E9 /* MotionWriter.swift */; };
		C2E671E22AAAEEAD00AAA7E9 /* AppParameters.swift in Sources */ = {isa = PBXBuildFile; fileRef = C2E671E12AAAEEAD00AAA7E9 /* AppParameters.swift */; };
		C2E671E42AAAF36300AAA7E9 /* Haptics.swift in Sources */ = {isa = PBXBuildFile; fileRef = C2E671E32AAAF36300AAA7E9 /* Haptics.swift */; };
/* End PBXBuildFile section */

/* Begin PBXFileReference section */
		0970AE73110E333EA2A84028 /* Pods-motion_detect_collect_data_app.debug.xcconfig */ = {isa = PBXFileReference; includeInIndex = 1; lastKnownFileType = text.xcconfig; name = "Pods-motion_detect_collect_data_app.debug.xcconfig"; path = "Target Support Files/Pods-motion_detect_collect_data_app/Pods-motion_detect_collect_data_app.debug.xcconfig"; sourceTree = "<group>"; };
		C25E1A952AAB0436008CEBFC /* HeadphoneMotionClassifier.swift */ = {isa = PBXFileReference; lastKnownFileType = sourcecode.swift; path = HeadphoneMotionClassifier.swift; sourceTree = "<group>"; };
		C25E1A992AAB07E2008CEBFC /* MotionClassifier Iteration 10.mlpackage */ = {isa = PBXFileReference; lastKnownFileType = folder.mlpackage; name = "MotionClassifier Iteration 10.mlpackage"; path = "../../../ML_workspace/MotionClassifier Iteration 10.mlpackage"; sourceTree = "<group>"; };
		C25E1A9B2AAB0D02008CEBFC /* motionClassifier 2.mlmodel */ = {isa = PBXFileReference; lastKnownFileType = file.mlmodel; name = "motionClassifier 2.mlmodel"; path = "../../../ML_workspace/motionClassifier 2.mlmodel"; sourceTree = "<group>"; };
		C25E1A9F2AAB4D4B008CEBFC /* motionClassifier.mlmodel */ = {isa = PBXFileReference; lastKnownFileType = file.mlmodel; name = motionClassifier.mlmodel; path = ../../../py/motionClassifier.mlmodel; sourceTree = "<group>"; };
		C25E1AA12AAB6003008CEBFC /* ThisIsMLModelSandboxApp.swift */ = {isa = PBXFileReference; lastKnownFileType = sourcecode.swift; path = ThisIsMLModelSandboxApp.swift; sourceTree = "<group>"; };
		C2E671A52AAAB40F00AAA7E9 /* motion_detect_collect_data_app.app */ = {isa = PBXFileReference; explicitFileType = wrapper.application; includeInIndex = 0; path = motion_detect_collect_data_app.app; sourceTree = BUILT_PRODUCTS_DIR; };
		C2E671A82AAAB40F00AAA7E9 /* AppDelegate.swift */ = {isa = PBXFileReference; lastKnownFileType = sourcecode.swift; path = AppDelegate.swift; sourceTree = "<group>"; };
		C2E671AA2AAAB40F00AAA7E9 /* SceneDelegate.swift */ = {isa = PBXFileReference; lastKnownFileType = sourcecode.swift; path = SceneDelegate.swift; sourceTree = "<group>"; };
		C2E671AC2AAAB40F00AAA7E9 /* ViewController.swift */ = {isa = PBXFileReference; lastKnownFileType = sourcecode.swift; path = ViewController.swift; sourceTree = "<group>"; };
		C2E671AF2AAAB40F00AAA7E9 /* Base */ = {isa = PBXFileReference; lastKnownFileType = file.storyboard; name = Base; path = Base.lproj/Main.storyboard; sourceTree = "<group>"; };
		C2E671B12AAAB41100AAA7E9 /* Assets.xcassets */ = {isa = PBXFileReference; lastKnownFileType = folder.assetcatalog; path = Assets.xcassets; sourceTree = "<group>"; };
		C2E671B42AAAB41100AAA7E9 /* Base */ = {isa = PBXFileReference; lastKnownFileType = file.storyboard; name = Base; path = Base.lproj/LaunchScreen.storyboard; sourceTree = "<group>"; };
		C2E671B62AAAB41100AAA7E9 /* Info.plist */ = {isa = PBXFileReference; lastKnownFileType = text.plist.xml; path = Info.plist; sourceTree = "<group>"; };
		C2E671DD2AAAEB8B00AAA7E9 /* MotionWriter.swift */ = {isa = PBXFileReference; lastKnownFileType = sourcecode.swift; path = MotionWriter.swift; sourceTree = "<group>"; };
		C2E671E12AAAEEAD00AAA7E9 /* AppParameters.swift */ = {isa = PBXFileReference; lastKnownFileType = sourcecode.swift; path = AppParameters.swift; sourceTree = "<group>"; };
		C2E671E32AAAF36300AAA7E9 /* Haptics.swift */ = {isa = PBXFileReference; lastKnownFileType = sourcecode.swift; path = Haptics.swift; sourceTree = "<group>"; };
		EA52E6E9121EBA8B430C529E /* Pods-motion_detect_collect_data_app.release.xcconfig */ = {isa = PBXFileReference; includeInIndex = 1; lastKnownFileType = text.xcconfig; name = "Pods-motion_detect_collect_data_app.release.xcconfig"; path = "Target Support Files/Pods-motion_detect_collect_data_app/Pods-motion_detect_collect_data_app.release.xcconfig"; sourceTree = "<group>"; };
		EFEC0740418076039B307FB7 /* Pods_motion_detect_collect_data_app.framework */ = {isa = PBXFileReference; explicitFileType = wrapper.framework; includeInIndex = 0; path = Pods_motion_detect_collect_data_app.framework; sourceTree = BUILT_PRODUCTS_DIR; };
/* End PBXFileReference section */

/* Begin PBXFrameworksBuildPhase section */
		C2E671A22AAAB40F00AAA7E9 /* Frameworks */ = {
			isa = PBXFrameworksBuildPhase;
			buildActionMask = 2147483647;
			files = (
				C1084C4FAF44B9DCDE81FD6F /* Pods_motion_detect_collect_data_app.framework in Frameworks */,
			);
			runOnlyForDeploymentPostprocessing = 0;
		};
/* End PBXFrameworksBuildPhase section */

/* Begin PBXGroup section */
		9559DD40B9FD90854BEEE532 /* Pods */ = {
			isa = PBXGroup;
			children = (
				0970AE73110E333EA2A84028 /* Pods-motion_detect_collect_data_app.debug.xcconfig */,
				EA52E6E9121EBA8B430C529E /* Pods-motion_detect_collect_data_app.release.xcconfig */,
			);
			path = Pods;
			sourceTree = "<group>";
		};
		C2E6719C2AAAB40F00AAA7E9 = {
			isa = PBXGroup;
			children = (
				C2E671A72AAAB40F00AAA7E9 /* motion_detect_collect_data_app */,
				C2E671A62AAAB40F00AAA7E9 /* Products */,
				9559DD40B9FD90854BEEE532 /* Pods */,
				F8C69D29BE9E43E7F0BA2576 /* Frameworks */,
			);
			sourceTree = "<group>";
		};
		C2E671A62AAAB40F00AAA7E9 /* Products */ = {
			isa = PBXGroup;
			children = (
				C2E671A52AAAB40F00AAA7E9 /* motion_detect_collect_data_app.app */,
			);
			name = Products;
			sourceTree = "<group>";
		};
		C2E671A72AAAB40F00AAA7E9 /* motion_detect_collect_data_app */ = {
			isa = PBXGroup;
			children = (
				C2E671A82AAAB40F00AAA7E9 /* AppDelegate.swift */,
				C25E1AA12AAB6003008CEBFC /* ThisIsMLModelSandboxApp.swift */,
				C2E671DF2AAAEE9200AAA7E9 /* Utilities */,
				C2E671AA2AAAB40F00AAA7E9 /* SceneDelegate.swift */,
				C2E671AC2AAAB40F00AAA7E9 /* ViewController.swift */,
				C2E671AE2AAAB40F00AAA7E9 /* Main.storyboard */,
				C2E671DD2AAAEB8B00AAA7E9 /* MotionWriter.swift */,
				C2E671B12AAAB41100AAA7E9 /* Assets.xcassets */,
				C2E671B32AAAB41100AAA7E9 /* LaunchScreen.storyboard */,
				C2E671B62AAAB41100AAA7E9 /* Info.plist */,
			);
			path = motion_detect_collect_data_app;
			sourceTree = "<group>";
		};
		C2E671DF2AAAEE9200AAA7E9 /* Utilities */ = {
			isa = PBXGroup;
			children = (
				C2E671E12AAAEEAD00AAA7E9 /* AppParameters.swift */,
				C2E671E32AAAF36300AAA7E9 /* Haptics.swift */,
				C25E1A9B2AAB0D02008CEBFC /* motionClassifier 2.mlmodel */,
				C25E1A9F2AAB4D4B008CEBFC /* motionClassifier.mlmodel */,
				C25E1A992AAB07E2008CEBFC /* MotionClassifier Iteration 10.mlpackage */,
				C25E1A952AAB0436008CEBFC /* HeadphoneMotionClassifier.swift */,
			);
			path = Utilities;
			sourceTree = "<group>";
		};
		F8C69D29BE9E43E7F0BA2576 /* Frameworks */ = {
			isa = PBXGroup;
			children = (
				EFEC0740418076039B307FB7 /* Pods_motion_detect_collect_data_app.framework */,
			);
			name = Frameworks;
			sourceTree = "<group>";
		};
/* End PBXGroup section */

/* Begin PBXNativeTarget section */
		C2E671A42AAAB40F00AAA7E9 /* motion_detect_collect_data_app */ = {
			isa = PBXNativeTarget;
			buildConfigurationList = C2E671B92AAAB41100AAA7E9 /* Build configuration list for PBXNativeTarget "motion_detect_collect_data_app" */;
			buildPhases = (
				D2CE6C4FEE6AFA347930496A /* [CP] Check Pods Manifest.lock */,
				C2E671A12AAAB40F00AAA7E9 /* Sources */,
				C2E671A22AAAB40F00AAA7E9 /* Frameworks */,
				C2E671A32AAAB40F00AAA7E9 /* Resources */,
				592E050B17C42E4A661E3FF4 /* [CP] Embed Pods Frameworks */,
			);
			buildRules = (
			);
			dependencies = (
			);
			name = motion_detect_collect_data_app;
			productName = motion_detect_collect_data_app;
			productReference = C2E671A52AAAB40F00AAA7E9 /* motion_detect_collect_data_app.app */;
			productType = "com.apple.product-type.application";
		};
/* End PBXNativeTarget section */

/* Begin PBXProject section */
		C2E6719D2AAAB40F00AAA7E9 /* Project object */ = {
			isa = PBXProject;
			attributes = {
				BuildIndependentTargetsInParallel = 1;
				LastSwiftUpdateCheck = 1430;
				LastUpgradeCheck = 1430;
				TargetAttributes = {
					C2E671A42AAAB40F00AAA7E9 = {
						CreatedOnToolsVersion = 14.3.1;
					};
				};
			};
			buildConfigurationList = C2E671A02AAAB40F00AAA7E9 /* Build configuration list for PBXProject "motion_detect_collect_data_app" */;
			compatibilityVersion = "Xcode 13.0";
			developmentRegion = en;
			hasScannedForEncodings = 0;
			knownRegions = (
				en,
				Base,
			);
			mainGroup = C2E6719C2AAAB40F00AAA7E9;
			productRefGroup = C2E671A62AAAB40F00AAA7E9 /* Products */;
			projectDirPath = "";
			projectRoot = "";
			targets = (
				C2E671A42AAAB40F00AAA7E9 /* motion_detect_collect_data_app */,
			);
		};
/* End PBXProject section */

/* Begin PBXResourcesBuildPhase section */
		C2E671A32AAAB40F00AAA7E9 /* Resources */ = {
			isa = PBXResourcesBuildPhase;
			buildActionMask = 2147483647;
			files = (
				C2E671B52AAAB41100AAA7E9 /* LaunchScreen.storyboard in Resources */,
				C2E671B22AAAB41100AAA7E9 /* Assets.xcassets in Resources */,
				C2E671B02AAAB40F00AAA7E9 /* Main.storyboard in Resources */,
			);
			runOnlyForDeploymentPostprocessing = 0;
		};
/* End PBXResourcesBuildPhase section */

/* Begin PBXShellScriptBuildPhase section */
		592E050B17C42E4A661E3FF4 /* [CP] Embed Pods Frameworks */ = {
			isa = PBXShellScriptBuildPhase;
			buildActionMask = 2147483647;
			files = (
			);
			inputFileListPaths = (
				"${PODS_ROOT}/Target Support Files/Pods-motion_detect_collect_data_app/Pods-motion_detect_collect_data_app-frameworks-${CONFIGURATION}-input-files.xcfilelist",
			);
			name = "[CP] Embed Pods Frameworks";
			outputFileListPaths = (
				"${PODS_ROOT}/Target Support Files/Pods-motion_detect_collect_data_app/Pods-motion_detect_collect_data_app-frameworks-${CONFIGURATION}-output-files.xcfilelist",
			);
			runOnlyForDeploymentPostprocessing = 0;
			shellPath = /bin/sh;
			shellScript = "\"${PODS_ROOT}/Target Support Files/Pods-motion_detect_collect_data_app/Pods-motion_detect_collect_data_app-frameworks.sh\"\n";
			showEnvVarsInLog = 0;
		};
		D2CE6C4FEE6AFA347930496A /* [CP] Check Pods Manifest.lock */ = {
			isa = PBXShellScriptBuildPhase;
			buildActionMask = 2147483647;
			files = (
			);
			inputFileListPaths = (
			);
			inputPaths = (
				"${PODS_PODFILE_DIR_PATH}/Podfile.lock",
				"${PODS_ROOT}/Manifest.lock",
			);
			name = "[CP] Check Pods Manifest.lock";
			outputFileListPaths = (
			);
			outputPaths = (
				"$(DERIVED_FILE_DIR)/Pods-motion_detect_collect_data_app-checkManifestLockResult.txt",
			);
			runOnlyForDeploymentPostprocessing = 0;
			shellPath = /bin/sh;
			shellScript = "diff \"${PODS_PODFILE_DIR_PATH}/Podfile.lock\" \"${PODS_ROOT}/Manifest.lock\" > /dev/null\nif [ $? != 0 ] ; then\n    # print error to STDERR\n    echo \"error: The sandbox is not in sync with the Podfile.lock. Run 'pod install' or update your CocoaPods installation.\" >&2\n    exit 1\nfi\n# This output is used by Xcode 'outputs' to avoid re-running this script phase.\necho \"SUCCESS\" > \"${SCRIPT_OUTPUT_FILE_0}\"\n";
			showEnvVarsInLog = 0;
		};
/* End PBXShellScriptBuildPhase section */

/* Begin PBXSourcesBuildPhase section */
		C2E671A12AAAB40F00AAA7E9 /* Sources */ = {
			isa = PBXSourcesBuildPhase;
			buildActionMask = 2147483647;
			files = (
				C25E1A9A2AAB07E2008CEBFC /* MotionClassifier Iteration 10.mlpackage in Sources */,
				C25E1AA02AAB4D4B008CEBFC /* motionClassifier.mlmodel in Sources */,
				C2E671E42AAAF36300AAA7E9 /* Haptics.swift in Sources */,
				C2E671E22AAAEEAD00AAA7E9 /* AppParameters.swift in Sources */,
				C2E671DE2AAAEB8B00AAA7E9 /* MotionWriter.swift in Sources */,
				C2E671AD2AAAB40F00AAA7E9 /* ViewController.swift in Sources */,
				C25E1A962AAB0436008CEBFC /* HeadphoneMotionClassifier.swift in Sources */,
				C25E1AA22AAB6003008CEBFC /* ThisIsMLModelSandboxApp.swift in Sources */,
				C2E671A92AAAB40F00AAA7E9 /* AppDelegate.swift in Sources */,
				C2E671AB2AAAB40F00AAA7E9 /* SceneDelegate.swift in Sources */,
				C25E1A9C2AAB0D02008CEBFC /* motionClassifier 2.mlmodel in Sources */,
			);
			runOnlyForDeploymentPostprocessing = 0;
		};
/* End PBXSourcesBuildPhase section */

/* Begin PBXVariantGroup section */
		C2E671AE2AAAB40F00AAA7E9 /* Main.storyboard */ = {
			isa = PBXVariantGroup;
			children = (
				C2E671AF2AAAB40F00AAA7E9 /* Base */,
			);
			name = Main.storyboard;
			sourceTree = "<group>";
		};
		C2E671B32AAAB41100AAA7E9 /* LaunchScreen.storyboard */ = {
			isa = PBXVariantGroup;
			children = (
				C2E671B42AAAB41100AAA7E9 /* Base */,
			);
			name = LaunchScreen.storyboard;
			sourceTree = "<group>";
		};
/* End PBXVariantGroup section */

/* Begin XCBuildConfiguration section */
		C2E671B72AAAB41100AAA7E9 /* Debug */ = {
			isa = XCBuildConfiguration;
			buildSettings = {
				ALWAYS_SEARCH_USER_PATHS = NO;
				CLANG_ANALYZER_NONNULL = YES;
				CLANG_ANALYZER_NUMBER_OBJECT_CONVERSION = YES_AGGRESSIVE;
				CLANG_CXX_LANGUAGE_STANDARD = "gnu++20";
				CLANG_ENABLE_MODULES = YES;
				CLANG_ENABLE_OBJC_ARC = YES;
				CLANG_ENABLE_OBJC_WEAK = YES;
				CLANG_WARN_BLOCK_CAPTURE_AUTORELEASING = YES;
				CLANG_WARN_BOOL_CONVERSION = YES;
				CLANG_WARN_COMMA = YES;
				CLANG_WARN_CONSTANT_CONVERSION = YES;
				CLANG_WARN_DEPRECATED_OBJC_IMPLEMENTATIONS = YES;
				CLANG_WARN_DIRECT_OBJC_ISA_USAGE = YES_ERROR;
				CLANG_WARN_DOCUMENTATION_COMMENTS = YES;
				CLANG_WARN_EMPTY_BODY = YES;
				CLANG_WARN_ENUM_CONVERSION = YES;
				CLANG_WARN_INFINITE_RECURSION = YES;
				CLANG_WARN_INT_CONVERSION = YES;
				CLANG_WARN_NON_LITERAL_NULL_CONVERSION = YES;
				CLANG_WARN_OBJC_IMPLICIT_RETAIN_SELF = YES;
				CLANG_WARN_OBJC_LITERAL_CONVERSION = YES;
				CLANG_WARN_OBJC_ROOT_CLASS = YES_ERROR;
				CLANG_WARN_QUOTED_INCLUDE_IN_FRAMEWORK_HEADER = YES;
				CLANG_WARN_RANGE_LOOP_ANALYSIS = YES;
				CLANG_WARN_STRICT_PROTOTYPES = YES;
				CLANG_WARN_SUSPICIOUS_MOVE = YES;
				CLANG_WARN_UNGUARDED_AVAILABILITY = YES_AGGRESSIVE;
				CLANG_WARN_UNREACHABLE_CODE = YES;
				CLANG_WARN__DUPLICATE_METHOD_MATCH = YES;
				COPY_PHASE_STRIP = NO;
				DEBUG_INFORMATION_FORMAT = dwarf;
				ENABLE_STRICT_OBJC_MSGSEND = YES;
				ENABLE_TESTABILITY = YES;
				GCC_C_LANGUAGE_STANDARD = gnu11;
				GCC_DYNAMIC_NO_PIC = NO;
				GCC_NO_COMMON_BLOCKS = YES;
				GCC_OPTIMIZATION_LEVEL = 0;
				GCC_PREPROCESSOR_DEFINITIONS = (
					"DEBUG=1",
					"$(inherited)",
				);
				GCC_WARN_64_TO_32_BIT_CONVERSION = YES;
				GCC_WARN_ABOUT_RETURN_TYPE = YES_ERROR;
				GCC_WARN_UNDECLARED_SELECTOR = YES;
				GCC_WARN_UNINITIALIZED_AUTOS = YES_AGGRESSIVE;
				GCC_WARN_UNUSED_FUNCTION = YES;
				GCC_WARN_UNUSED_VARIABLE = YES;
				IPHONEOS_DEPLOYMENT_TARGET = 16.4;
				MTL_ENABLE_DEBUG_INFO = INCLUDE_SOURCE;
				MTL_FAST_MATH = YES;
				ONLY_ACTIVE_ARCH = YES;
				SDKROOT = iphoneos;
				SWIFT_ACTIVE_COMPILATION_CONDITIONS = DEBUG;
				SWIFT_OPTIMIZATION_LEVEL = "-Onone";
			};
			name = Debug;
		};
		C2E671B82AAAB41100AAA7E9 /* Release */ = {
			isa = XCBuildConfiguration;
			buildSettings = {
				ALWAYS_SEARCH_USER_PATHS = NO;
				CLANG_ANALYZER_NONNULL = YES;
				CLANG_ANALYZER_NUMBER_OBJECT_CONVERSION = YES_AGGRESSIVE;
				CLANG_CXX_LANGUAGE_STANDARD = "gnu++20";
				CLANG_ENABLE_MODULES = YES;
				CLANG_ENABLE_OBJC_ARC = YES;
				CLANG_ENABLE_OBJC_WEAK = YES;
				CLANG_WARN_BLOCK_CAPTURE_AUTORELEASING = YES;
				CLANG_WARN_BOOL_CONVERSION = YES;
				CLANG_WARN_COMMA = YES;
				CLANG_WARN_CONSTANT_CONVERSION = YES;
				CLANG_WARN_DEPRECATED_OBJC_IMPLEMENTATIONS = YES;
				CLANG_WARN_DIRECT_OBJC_ISA_USAGE = YES_ERROR;
				CLANG_WARN_DOCUMENTATION_COMMENTS = YES;
				CLANG_WARN_EMPTY_BODY = YES;
				CLANG_WARN_ENUM_CONVERSION = YES;
				CLANG_WARN_INFINITE_RECURSION = YES;
				CLANG_WARN_INT_CONVERSION = YES;
				CLANG_WARN_NON_LITERAL_NULL_CONVERSION = YES;
				CLANG_WARN_OBJC_IMPLICIT_RETAIN_SELF = YES;
				CLANG_WARN_OBJC_LITERAL_CONVERSION = YES;
				CLANG_WARN_OBJC_ROOT_CLASS = YES_ERROR;
				CLANG_WARN_QUOTED_INCLUDE_IN_FRAMEWORK_HEADER = YES;
				CLANG_WARN_RANGE_LOOP_ANALYSIS = YES;
				CLANG_WARN_STRICT_PROTOTYPES = YES;
				CLANG_WARN_SUSPICIOUS_MOVE = YES;
				CLANG_WARN_UNGUARDED_AVAILABILITY = YES_AGGRESSIVE;
				CLANG_WARN_UNREACHABLE_CODE = YES;
				CLANG_WARN__DUPLICATE_METHOD_MATCH = YES;
				COPY_PHASE_STRIP = NO;
				DEBUG_INFORMATION_FORMAT = "dwarf-with-dsym";
				ENABLE_NS_ASSERTIONS = NO;
				ENABLE_STRICT_OBJC_MSGSEND = YES;
				GCC_C_LANGUAGE_STANDARD = gnu11;
				GCC_NO_COMMON_BLOCKS = YES;
				GCC_WARN_64_TO_32_BIT_CONVERSION = YES;
				GCC_WARN_ABOUT_RETURN_TYPE = YES_ERROR;
				GCC_WARN_UNDECLARED_SELECTOR = YES;
				GCC_WARN_UNINITIALIZED_AUTOS = YES_AGGRESSIVE;
				GCC_WARN_UNUSED_FUNCTION = YES;
				GCC_WARN_UNUSED_VARIABLE = YES;
				IPHONEOS_DEPLOYMENT_TARGET = 16.4;
				MTL_ENABLE_DEBUG_INFO = NO;
				MTL_FAST_MATH = YES;
				SDKROOT = iphoneos;
				SWIFT_COMPILATION_MODE = wholemodule;
				SWIFT_OPTIMIZATION_LEVEL = "-O";
				VALIDATE_PRODUCT = YES;
			};
			name = Release;
		};
		C2E671BA2AAAB41100AAA7E9 /* Debug */ = {
			isa = XCBuildConfiguration;
			baseConfigurationReference = 0970AE73110E333EA2A84028 /* Pods-motion_detect_collect_data_app.debug.xcconfig */;
			buildSettings = {
				ASSETCATALOG_COMPILER_APPICON_NAME = AppIcon;
				ASSETCATALOG_COMPILER_GLOBAL_ACCENT_COLOR_NAME = AccentColor;
				CODE_SIGN_STYLE = Automatic;
				CURRENT_PROJECT_VERSION = 1;
				DEVELOPMENT_TEAM = HDB7A739SH;
				GENERATE_INFOPLIST_FILE = YES;
				INFOPLIST_FILE = motion_detect_collect_data_app/Info.plist;
				INFOPLIST_KEY_CFBundleDisplayName = "予測";
				INFOPLIST_KEY_LSSupportsOpeningDocumentsInPlace = YES;
				INFOPLIST_KEY_UIApplicationSupportsIndirectInputEvents = YES;
				INFOPLIST_KEY_UILaunchStoryboardName = LaunchScreen;
				INFOPLIST_KEY_UIMainStoryboardFile = Main;
				INFOPLIST_KEY_UISupportedInterfaceOrientations_iPad = "UIInterfaceOrientationPortrait UIInterfaceOrientationPortraitUpsideDown UIInterfaceOrientationLandscapeLeft UIInterfaceOrientationLandscapeRight";
				INFOPLIST_KEY_UISupportedInterfaceOrientations_iPhone = "UIInterfaceOrientationPortrait UIInterfaceOrientationLandscapeLeft UIInterfaceOrientationLandscapeRight";
				LD_RUNPATH_SEARCH_PATHS = (
					"$(inherited)",
					"@executable_path/Frameworks",
				);
				MARKETING_VERSION = 1.0;
				PRODUCT_BUNDLE_IDENTIFIER = "hoge.com.google.predict-motion-detect-collect-data-app";
				PRODUCT_NAME = "$(TARGET_NAME)";
				SWIFT_EMIT_LOC_STRINGS = YES;
				SWIFT_VERSION = 5.0;
				TARGETED_DEVICE_FAMILY = "1,2";
			};
			name = Debug;
		};
		C2E671BB2AAAB41100AAA7E9 /* Release */ = {
			isa = XCBuildConfiguration;
			baseConfigurationReference = EA52E6E9121EBA8B430C529E /* Pods-motion_detect_collect_data_app.release.xcconfig */;
			buildSettings = {
				ASSETCATALOG_COMPILER_APPICON_NAME = AppIcon;
				ASSETCATALOG_COMPILER_GLOBAL_ACCENT_COLOR_NAME = AccentColor;
				CODE_SIGN_STYLE = Automatic;
				CURRENT_PROJECT_VERSION = 1;
				DEVELOPMENT_TEAM = HDB7A739SH;
				GENERATE_INFOPLIST_FILE = YES;
				INFOPLIST_FILE = motion_detect_collect_data_app/Info.plist;
				INFOPLIST_KEY_CFBundleDisplayName = "予測";
				INFOPLIST_KEY_LSSupportsOpeningDocumentsInPlace = YES;
				INFOPLIST_KEY_UIApplicationSupportsIndirectInputEvents = YES;
				INFOPLIST_KEY_UILaunchStoryboardName = LaunchScreen;
				INFOPLIST_KEY_UIMainStoryboardFile = Main;
				INFOPLIST_KEY_UISupportedInterfaceOrientations_iPad = "UIInterfaceOrientationPortrait UIInterfaceOrientationPortraitUpsideDown UIInterfaceOrientationLandscapeLeft UIInterfaceOrientationLandscapeRight";
				INFOPLIST_KEY_UISupportedInterfaceOrientations_iPhone = "UIInterfaceOrientationPortrait UIInterfaceOrientationLandscapeLeft UIInterfaceOrientationLandscapeRight";
				LD_RUNPATH_SEARCH_PATHS = (
					"$(inherited)",
					"@executable_path/Frameworks",
				);
				MARKETING_VERSION = 1.0;
				PRODUCT_BUNDLE_IDENTIFIER = "hoge.com.google.predict-motion-detect-collect-data-app";
				PRODUCT_NAME = "$(TARGET_NAME)";
				SWIFT_EMIT_LOC_STRINGS = YES;
				SWIFT_VERSION = 5.0;
				TARGETED_DEVICE_FAMILY = "1,2";
			};
			name = Release;
		};
/* End XCBuildConfiguration section */

/* Begin XCConfigurationList section */
		C2E671A02AAAB40F00AAA7E9 /* Build configuration list for PBXProject "motion_detect_collect_data_app" */ = {
			isa = XCConfigurationList;
			buildConfigurations = (
				C2E671B72AAAB41100AAA7E9 /* Debug */,
				C2E671B82AAAB41100AAA7E9 /* Release */,
			);
			defaultConfigurationIsVisible = 0;
			defaultConfigurationName = Release;
		};
		C2E671B92AAAB41100AAA7E9 /* Build configuration list for PBXNativeTarget "motion_detect_collect_data_app" */ = {
			isa = XCConfigurationList;
			buildConfigurations = (
				C2E671BA2AAAB41100AAA7E9 /* Debug */,
				C2E671BB2AAAB41100AAA7E9 /* Release */,
			);
			defaultConfigurationIsVisible = 0;
			defaultConfigurationName = Release;
		};
/* End XCConfigurationList section */
	};
	rootObject = C2E6719D2AAAB40F00AAA7E9 /* Project object */;
}
